
Microsoft Visual Studio Solution File, Format Version 12.00
# Visual Studio Version 17
VisualStudioVersion = 17.13.36105.23 d17.13
MinimumVisualStudioVersion = 10.0.40219.1
Project("{FAE04EC0-301F-11D3-BF4B-00C04F79EFBC}") = "blogapplication", "blogapplication.csproj", "{86D1FA8F-FE42-4C07-B211-84B02360E8C6}"
EndProject
Global
	GlobalSection(SolutionConfigurationPlatforms) = preSolution
		Debug|Any CPU = Debug|Any CPU
		Release|Any CPU = Release|Any CPU
	EndGlobalSection
	GlobalSection(ProjectConfigurationPlatforms) = postSolution
		{86D1FA8F-FE42-4C07-B211-84B02360E8C6}.Debug|Any CPU.ActiveCfg = Debug|Any CPU
		{86D1FA8F-FE42-4C07-B211-84B02360E8C6}.Debug|Any CPU.Build.0 = Debug|Any CPU
		{86D1FA8F-FE42-4C07-B211-84B02360E8C6}.Release|Any CPU.ActiveCfg = Release|Any CPU
		{86D1FA8F-FE42-4C07-B211-84B02360E8C6}.Release|Any CPU.Build.0 = Release|Any CPU
	EndGlobalSection
	GlobalSection(SolutionProperties) = preSolution
		HideSolutionNode = FALSE
	EndGlobalSection
	GlobalSection(ExtensibilityGlobals) = postSolution
		SolutionGuid = {48C30204-BD52-4AA7-BC0C-40F82D10993A}
	EndGlobalSection
EndGlobal
